# This file was autogenerated by Stack.
# You should not edit this file by hand.
# For more information, please see the documentation at:
#   https://docs.haskellstack.org/en/stable/lock_files

packages:
- completed:
    cabal-file:
      size: 3931
      sha256: 262ee0d82a2e141b0a1fe2caf1ec48199c334775fdb845f08e08fff3894bd06b
    name: pinch
    version: 0.3.4.1
    git: https://github.com/yigitozkavci/pinch.git
    pantry-tree:
      size: 3409
      sha256: 6dd5d32fab9e31b38b4861521b47ee11ae3d77b62eefdca46406cc65cf1f7dbd
    commit: 4ed982e49070579b9ebc219e2d2b539f86ab73a8
  original:
    git: https://github.com/yigitozkavci/pinch.git
    commit: 4ed982e49070579b9ebc219e2d2b539f86ab73a8
snapshots:
- completed:
    size: 524127
    url: https://raw.githubusercontent.com/commercialhaskell/stackage-snapshots/master/lts/14/6.yaml
    sha256: dc70dfb45e2c32f54719819bd055f46855dd4b3bd2e58b9f3f38729a2d553fbb
  original: lts-14.6
