# This file was autogenerated by Stack.
# You should not edit this file by hand.
# For more information, please see the documentation at:
#   https://docs.haskellstack.org/en/stable/lock_files

packages:
- completed:
    hackage: pinch-0.3.5.0@sha256:0da4940423cdb4c2536aabf0df5979eff0e137132b3686405c3758418fd08589,3931
    pantry-tree:
      size: 2785
      sha256: b6d0c47fd5867760bacb4c83cac466c68f801e7a04824e6f3df5e2084c0b609e
  original:
    hackage: pinch-0.3.5.0
- completed:
    hackage: snappy-0.2.0.2@sha256:2931b03c5fdab2dac8d7eadb3be2f4ef8906666e43f1f1db65a06efd57ea701b,1591
    pantry-tree:
      size: 709
      sha256: cd05c6ddfbbd3969adab3869d38d161e5ec8e72b1a72e00ca08f5e39538368cf
  original:
    hackage: snappy-0.2.0.2
snapshots:
- completed:
    size: 524127
    url: https://raw.githubusercontent.com/commercialhaskell/stackage-snapshots/master/lts/14/6.yaml
    sha256: dc70dfb45e2c32f54719819bd055f46855dd4b3bd2e58b9f3f38729a2d553fbb
  original: lts-14.6
