# This file was autogenerated by Stack.
# You should not edit this file by hand.
# For more information, please see the documentation at:
#   https://docs.haskellstack.org/en/stable/lock_files

packages:
- completed:
    hackage: pinch-0.3.4.1@sha256:262ee0d82a2e141b0a1fe2caf1ec48199c334775fdb845f08e08fff3894bd06b,3931
    pantry-tree:
      size: 2785
      sha256: f63ca1ae7f05380ddc9024544a86c28c66f4c3ba5188db2e4253a4d8052a7de3
  original:
    hackage: pinch-0.3.4.1
snapshots:
- completed:
    size: 524127
    url: https://raw.githubusercontent.com/commercialhaskell/stackage-snapshots/master/lts/14/6.yaml
    sha256: dc70dfb45e2c32f54719819bd055f46855dd4b3bd2e58b9f3f38729a2d553fbb
  original: lts-14.6
